
Microsoft Visual Studio Solution File, Format Version 12.00
# Visual Studio 15
VisualStudioVersion = 15.0.28307.645
MinimumVisualStudioVersion = 10.0.40219.1
Project("{FAE04EC0-301F-11D3-BF4B-00C04F79EFBC}") = "FirstWebApi", "FirstWebApi\FirstWebApi.csproj", "{AC999083-C9F6-4AFC-9925-F55B69D112C1}"
EndProject
Global
	GlobalSection(SolutionConfigurationPlatforms) = preSolution
		Debug|Any CPU = Debug|Any CPU
		Release|Any CPU = Release|Any CPU
	EndGlobalSection
	GlobalSection(ProjectConfigurationPlatforms) = postSolution
		{AC999083-C9F6-4AFC-9925-F55B69D112C1}.Debug|Any CPU.ActiveCfg = Debug|Any CPU
		{AC999083-C9F6-4AFC-9925-F55B69D112C1}.Debug|Any CPU.Build.0 = Debug|Any CPU
		{AC999083-C9F6-4AFC-9925-F55B69D112C1}.Release|Any CPU.ActiveCfg = Release|Any CPU
		{AC999083-C9F6-4AFC-9925-F55B69D112C1}.Release|Any CPU.Build.0 = Release|Any CPU
	EndGlobalSection
	GlobalSection(SolutionProperties) = preSolution
		HideSolutionNode = FALSE
	EndGlobalSection
	GlobalSection(ExtensibilityGlobals) = postSolution
		SolutionGuid = {AC89E352-CB4F-4FAB-ABB3-B7993DB244F9}
	EndGlobalSection
EndGlobal
